
Microsoft Visual Studio Solution File, Format Version 12.00
# Visual Studio 15
Project("{FAE04EC0-301F-11D3-BF4B-00C04F79EFBC}") = "Assembly-CSharp", "Assembly-CSharp.csproj", "{03FB80D7-5E14-4E87-AF83-C57C7DFEDB0C}"
EndProject
Global
	GlobalSection(SolutionConfigurationPlatforms) = preSolution
		Debug|Any CPU = Debug|Any CPU
		Release|Any CPU = Release|Any CPU
	EndGlobalSection
	GlobalSection(ProjectConfigurationPlatforms) = postSolution
		{03FB80D7-5E14-4E87-AF83-C57C7DFEDB0C}.Debug|Any CPU.ActiveCfg = Debug|Any CPU
		{03FB80D7-5E14-4E87-AF83-C57C7DFEDB0C}.Debug|Any CPU.Build.0 = Debug|Any CPU
		{03FB80D7-5E14-4E87-AF83-C57C7DFEDB0C}.Release|Any CPU.ActiveCfg = Release|Any CPU
		{03FB80D7-5E14-4E87-AF83-C57C7DFEDB0C}.Release|Any CPU.Build.0 = Release|Any CPU
	EndGlobalSection
	GlobalSection(SolutionProperties) = preSolution
		HideSolutionNode = FALSE
	EndGlobalSection
EndGlobal
